
Microsoft Visual Studio Solution File, Format Version 12.00
# Visual Studio Version 16
VisualStudioVersion = 16.0.29709.97
MinimumVisualStudioVersion = 10.0.40219.1
Project("{FAE04EC0-301F-11D3-BF4B-00C04F79EFBC}") = "ACM.BL", "ACM.BL\ACM.BL.csproj", "{34835724-23ED-4985-A3A8-8C4ACE05BA0B}"
EndProject
Global
	GlobalSection(SolutionConfigurationPlatforms) = preSolution
		Debug|Any CPU = Debug|Any CPU
		Release|Any CPU = Release|Any CPU
	EndGlobalSection
	GlobalSection(ProjectConfigurationPlatforms) = postSolution
		{34835724-23ED-4985-A3A8-8C4ACE05BA0B}.Debug|Any CPU.ActiveCfg = Debug|Any CPU
		{34835724-23ED-4985-A3A8-8C4ACE05BA0B}.Debug|Any CPU.Build.0 = Debug|Any CPU
		{34835724-23ED-4985-A3A8-8C4ACE05BA0B}.Release|Any CPU.ActiveCfg = Release|Any CPU
		{34835724-23ED-4985-A3A8-8C4ACE05BA0B}.Release|Any CPU.Build.0 = Release|Any CPU
	EndGlobalSection
	GlobalSection(SolutionProperties) = preSolution
		HideSolutionNode = FALSE
	EndGlobalSection
	GlobalSection(ExtensibilityGlobals) = postSolution
		SolutionGuid = {D473140C-6547-4517-8610-68E0D55A3035}
	EndGlobalSection
EndGlobal
