
Microsoft Visual Studio Solution File, Format Version 12.00
# Visual Studio Version 16
VisualStudioVersion = 16.0.29709.97
MinimumVisualStudioVersion = 10.0.40219.1
Project("{FAE04EC0-301F-11D3-BF4B-00C04F79EFBC}") = "ACM.BL", "ACM.BL\ACM.BL.csproj", "{34835724-23ED-4985-A3A8-8C4ACE05BA0B}"
EndProject
Project("{9A19103F-16F7-4668-BE54-9A1E7A4F7556}") = "UnitTestProject1", "UnitTestProject1\UnitTestProject1.csproj", "{F37109ED-A6D6-45ED-B565-F2E679B389EE}"
EndProject
Project("{2150E333-8FDC-42A3-9474-1A3956D46DE8}") = "Tests", "Tests", "{21E57D0E-71D5-4C0F-A50E-70A91F79EEB9}"
EndProject
Project("{9A19103F-16F7-4668-BE54-9A1E7A4F7556}") = "UnitTestProject2", "UnitTestProject2\UnitTestProject2.csproj", "{00B97597-3EE5-4882-83D7-653567AF49FC}"
EndProject
Project("{FAE04EC0-301F-11D3-BF4B-00C04F79EFBC}") = "ACM.BLTest", "ACM.BLTest\ACM.BLTest.csproj", "{689F5132-418B-4A59-B0F9-BD87DD75775E}"
EndProject
Global
	GlobalSection(SolutionConfigurationPlatforms) = preSolution
		Debug|Any CPU = Debug|Any CPU
		Release|Any CPU = Release|Any CPU
	EndGlobalSection
	GlobalSection(ProjectConfigurationPlatforms) = postSolution
		{34835724-23ED-4985-A3A8-8C4ACE05BA0B}.Debug|Any CPU.ActiveCfg = Debug|Any CPU
		{34835724-23ED-4985-A3A8-8C4ACE05BA0B}.Debug|Any CPU.Build.0 = Debug|Any CPU
		{34835724-23ED-4985-A3A8-8C4ACE05BA0B}.Release|Any CPU.ActiveCfg = Release|Any CPU
		{34835724-23ED-4985-A3A8-8C4ACE05BA0B}.Release|Any CPU.Build.0 = Release|Any CPU
		{F37109ED-A6D6-45ED-B565-F2E679B389EE}.Debug|Any CPU.ActiveCfg = Debug|Any CPU
		{F37109ED-A6D6-45ED-B565-F2E679B389EE}.Debug|Any CPU.Build.0 = Debug|Any CPU
		{F37109ED-A6D6-45ED-B565-F2E679B389EE}.Release|Any CPU.ActiveCfg = Release|Any CPU
		{F37109ED-A6D6-45ED-B565-F2E679B389EE}.Release|Any CPU.Build.0 = Release|Any CPU
		{00B97597-3EE5-4882-83D7-653567AF49FC}.Debug|Any CPU.ActiveCfg = Debug|Any CPU
		{00B97597-3EE5-4882-83D7-653567AF49FC}.Debug|Any CPU.Build.0 = Debug|Any CPU
		{00B97597-3EE5-4882-83D7-653567AF49FC}.Release|Any CPU.ActiveCfg = Release|Any CPU
		{00B97597-3EE5-4882-83D7-653567AF49FC}.Release|Any CPU.Build.0 = Release|Any CPU
		{689F5132-418B-4A59-B0F9-BD87DD75775E}.Debug|Any CPU.ActiveCfg = Debug|Any CPU
		{689F5132-418B-4A59-B0F9-BD87DD75775E}.Debug|Any CPU.Build.0 = Debug|Any CPU
		{689F5132-418B-4A59-B0F9-BD87DD75775E}.Release|Any CPU.ActiveCfg = Release|Any CPU
		{689F5132-418B-4A59-B0F9-BD87DD75775E}.Release|Any CPU.Build.0 = Release|Any CPU
	EndGlobalSection
	GlobalSection(SolutionProperties) = preSolution
		HideSolutionNode = FALSE
	EndGlobalSection
	GlobalSection(NestedProjects) = preSolution
		{F37109ED-A6D6-45ED-B565-F2E679B389EE} = {21E57D0E-71D5-4C0F-A50E-70A91F79EEB9}
	EndGlobalSection
	GlobalSection(ExtensibilityGlobals) = postSolution
		SolutionGuid = {D473140C-6547-4517-8610-68E0D55A3035}
	EndGlobalSection
EndGlobal
